{
    "_readme": [
        "This file locks the dependencies of your project to a known state",
        "Read more about it at https://getcomposer.org/doc/01-basic-usage.md#composer-lock-the-lock-file",
        "This file is @generated automatically"
    ],
    "hash": "11bfc87b9c0d8168bc9c362e110964ca",
    "content-hash": "973146e410d118eb1b78ff6e0d50a922",
    "packages": [
        {
            "name": "illuminate/container",
            "version": "v5.2.45",
            "source": {
                "type": "git",
                "url": "https://github.com/illuminate/container.git",
                "reference": "5139cebc8293b6820b91aef6f4b4e18bde33c9b2"
            },
            "dist": {
                "type": "zip",
                "url": "https://api.github.com/repos/illuminate/container/zipball/5139cebc8293b6820b91aef6f4b4e18bde33c9b2",
                "reference": "5139cebc8293b6820b91aef6f4b4e18bde33c9b2",
                "shasum": ""
            },
            "require": {
                "illuminate/contracts": "5.2.*",
                "php": ">=5.5.9"
            },
            "type": "library",
            "extra": {
                "branch-alias": {
                    "dev-master": "5.2-dev"
                }
            },
            "autoload": {
                "psr-4": {
                    "Illuminate\\Container\\": ""
                }
            },
            "notification-url": "https://packagist.org/downloads/",
            "license": [
                "MIT"
            ],
            "authors": [
                {
                    "name": "Taylor Otwell",
                    "email": "taylor@laravel.com"
                }
            ],
            "description": "The Illuminate Container package.",
            "homepage": "http://laravel.com",
            "time": "2016-08-01 13:49:14"
        },
        {
            "name": "illuminate/contracts",
            "version": "v5.2.45",
            "source": {
                "type": "git",
                "url": "https://github.com/illuminate/contracts.git",
                "reference": "22bde7b048a33c702d9737fc1446234fff9b1363"
            },
            "dist": {
                "type": "zip",
                "url": "https://api.github.com/repos/illuminate/contracts/zipball/22bde7b048a33c702d9737fc1446234fff9b1363",
                "reference": "22bde7b048a33c702d9737fc1446234fff9b1363",
                "shasum": ""
            },
            "require": {
                "php": ">=5.5.9"
            },
            "type": "library",
            "extra": {
                "branch-alias": {
                    "dev-master": "5.2-dev"
                }
            },
            "autoload": {
                "psr-4": {
                    "Illuminate\\Contracts\\": ""
                }
            },
            "notification-url": "https://packagist.org/downloads/",
            "license": [
                "MIT"
            ],
            "authors": [
                {
                    "name": "Taylor Otwell",
                    "email": "taylor@laravel.com"
                }
            ],
            "description": "The Illuminate Contracts package.",
            "homepage": "http://laravel.com",
            "time": "2016-08-08 11:46:08"
        }
    ],
    "packages-dev": [],
    "aliases": [],
    "minimum-stability": "stable",
    "stability-flags": [],
    "prefer-stable": false,
    "prefer-lowest": false,
    "platform": {
        "php": ">=5.5.9"
    },
    "platform-dev": []
}
